
Microsoft Visual Studio Solution File, Format Version 11.00
# Visual Studio 2010
Project("{FAE04EC0-301F-11D3-BF4B-00C04F79EFBC}") = "Assembly-CSharp-firstpass", "Assembly-CSharp-firstpass.csproj", "{DF925099-35C1-DB41-B35C-F0455EE3EB58}"
EndProject
Project("{FAE04EC0-301F-11D3-BF4B-00C04F79EFBC}") = "Assembly-CSharp", "Assembly-CSharp.csproj", "{796C56AB-4C04-E94E-DCFF-E9B808635B9C}"
EndProject
Project("{FAE04EC0-301F-11D3-BF4B-00C04F79EFBC}") = "Assembly-CSharp-Editor", "Assembly-CSharp-Editor.csproj", "{613FE645-BF63-ABBE-FB7D-E46D9AF082F3}"
EndProject
Global
	GlobalSection(SolutionConfigurationPlatforms) = preSolution
		Debug|Any CPU = Debug|Any CPU
		Release|Any CPU = Release|Any CPU
	EndGlobalSection
	GlobalSection(ProjectConfigurationPlatforms) = postSolution
		{DF925099-35C1-DB41-B35C-F0455EE3EB58}.Debug|Any CPU.ActiveCfg = Debug|Any CPU
		{DF925099-35C1-DB41-B35C-F0455EE3EB58}.Debug|Any CPU.Build.0 = Debug|Any CPU
		{DF925099-35C1-DB41-B35C-F0455EE3EB58}.Release|Any CPU.ActiveCfg = Release|Any CPU
		{DF925099-35C1-DB41-B35C-F0455EE3EB58}.Release|Any CPU.Build.0 = Release|Any CPU
		{796C56AB-4C04-E94E-DCFF-E9B808635B9C}.Debug|Any CPU.ActiveCfg = Debug|Any CPU
		{796C56AB-4C04-E94E-DCFF-E9B808635B9C}.Debug|Any CPU.Build.0 = Debug|Any CPU
		{796C56AB-4C04-E94E-DCFF-E9B808635B9C}.Release|Any CPU.ActiveCfg = Release|Any CPU
		{796C56AB-4C04-E94E-DCFF-E9B808635B9C}.Release|Any CPU.Build.0 = Release|Any CPU
		{613FE645-BF63-ABBE-FB7D-E46D9AF082F3}.Debug|Any CPU.ActiveCfg = Debug|Any CPU
		{613FE645-BF63-ABBE-FB7D-E46D9AF082F3}.Debug|Any CPU.Build.0 = Debug|Any CPU
		{613FE645-BF63-ABBE-FB7D-E46D9AF082F3}.Release|Any CPU.ActiveCfg = Release|Any CPU
		{613FE645-BF63-ABBE-FB7D-E46D9AF082F3}.Release|Any CPU.Build.0 = Release|Any CPU
	EndGlobalSection
	GlobalSection(SolutionProperties) = preSolution
		HideSolutionNode = FALSE
	EndGlobalSection
	GlobalSection(MonoDevelopProperties) = preSolution
		StartupItem = Assembly-CSharp.csproj
	EndGlobalSection
EndGlobal
